
Microsoft Visual Studio Solution File, Format Version 12.00
# Visual Studio Version 17
VisualStudioVersion = 17.13.35818.85
MinimumVisualStudioVersion = 10.0.40219.1
Project("{FAE04EC0-301F-11D3-BF4B-00C04F79EFBC}") = "Rabbitmq_Producer", "Rabbitmq_Producer\Rabbitmq_Producer.csproj", "{E6156A0C-E509-48D0-9C19-C311B59F3FF5}"
EndProject
Project("{FAE04EC0-301F-11D3-BF4B-00C04F79EFBC}") = "RabbitMQ_Helper", "RabbitMQ_Helper\RabbitMQ_Helper.csproj", "{2C6155CF-1D70-4ECC-9A79-99E3204AAB72}"
EndProject
Project("{FAE04EC0-301F-11D3-BF4B-00C04F79EFBC}") = "Rabbitmq_Consumer", "Rabbitmq_Consumer\Rabbitmq_Consumer.csproj", "{D510BEF1-0F3E-481A-AA35-DD34FB2DA454}"
EndProject
Global
	GlobalSection(SolutionConfigurationPlatforms) = preSolution
		Debug|Any CPU = Debug|Any CPU
		Release|Any CPU = Release|Any CPU
	EndGlobalSection
	GlobalSection(ProjectConfigurationPlatforms) = postSolution
		{E6156A0C-E509-48D0-9C19-C311B59F3FF5}.Debug|Any CPU.ActiveCfg = Debug|Any CPU
		{E6156A0C-E509-48D0-9C19-C311B59F3FF5}.Debug|Any CPU.Build.0 = Debug|Any CPU
		{E6156A0C-E509-48D0-9C19-C311B59F3FF5}.Release|Any CPU.ActiveCfg = Release|Any CPU
		{E6156A0C-E509-48D0-9C19-C311B59F3FF5}.Release|Any CPU.Build.0 = Release|Any CPU
		{2C6155CF-1D70-4ECC-9A79-99E3204AAB72}.Debug|Any CPU.ActiveCfg = Debug|Any CPU
		{2C6155CF-1D70-4ECC-9A79-99E3204AAB72}.Debug|Any CPU.Build.0 = Debug|Any CPU
		{2C6155CF-1D70-4ECC-9A79-99E3204AAB72}.Release|Any CPU.ActiveCfg = Release|Any CPU
		{2C6155CF-1D70-4ECC-9A79-99E3204AAB72}.Release|Any CPU.Build.0 = Release|Any CPU
		{D510BEF1-0F3E-481A-AA35-DD34FB2DA454}.Debug|Any CPU.ActiveCfg = Debug|Any CPU
		{D510BEF1-0F3E-481A-AA35-DD34FB2DA454}.Debug|Any CPU.Build.0 = Debug|Any CPU
		{D510BEF1-0F3E-481A-AA35-DD34FB2DA454}.Release|Any CPU.ActiveCfg = Release|Any CPU
		{D510BEF1-0F3E-481A-AA35-DD34FB2DA454}.Release|Any CPU.Build.0 = Release|Any CPU
	EndGlobalSection
	GlobalSection(SolutionProperties) = preSolution
		HideSolutionNode = FALSE
	EndGlobalSection
	GlobalSection(ExtensibilityGlobals) = postSolution
		SolutionGuid = {D47A606C-CF9C-49E1-A536-8948D52332AE}
	EndGlobalSection
EndGlobal
